{
  "requires": true,
  "lockfileVersion": 1,
  "dependencies": {
    "d": {
      "version": "1.0.1",
      "resolved": "https://pkgs.dev.azure.com/arvato-cim/_packaging/arvato-private/npm/registry/d/-/d-1.0.1.tgz",
      "integrity": "sha1-hpgJU3LVjb7jRv/Qxwk/mfj561o=",
      "requires": {
        "es5-ext": "^0.10.50",
        "type": "^1.0.1"
      }
    },
    "debug": {
      "version": "2.6.9",
      "resolved": "https://pkgs.dev.azure.com/arvato-cim/_packaging/arvato-private/npm/registry/debug/-/debug-2.6.9.tgz",
      "integrity": "sha1-XRKFFd8TT/Mn6QpMk/Tgd6U2NB8=",
      "requires": {
        "ms": "2.0.0"
      }
    },
    "es5-ext": {
      "version": "0.10.53",
      "resolved": "https://pkgs.dev.azure.com/arvato-cim/_packaging/arvato-private/npm/registry/es5-ext/-/es5-ext-0.10.53.tgz",
      "integrity": "sha1-k8WjrP2+8nUiCtcmRK0C7hg2jeE=",
      "requires": {
        "es6-iterator": "~2.0.3",
        "es6-symbol": "~3.1.3",
        "next-tick": "~1.0.0"
      }
    },
    "es6-iterator": {
      "version": "2.0.3",
      "resolved": "https://pkgs.dev.azure.com/arvato-cim/_packaging/arvato-private/npm/registry/es6-iterator/-/es6-iterator-2.0.3.tgz",
      "integrity": "sha1-p96IkUGgWpSwhUQDstCg+/qY87c=",
      "requires": {
        "d": "1",
        "es5-ext": "^0.10.35",
        "es6-symbol": "^3.1.1"
      }
    },
    "es6-symbol": {
      "version": "3.1.3",
      "resolved": "https://pkgs.dev.azure.com/arvato-cim/_packaging/arvato-private/npm/registry/es6-symbol/-/es6-symbol-3.1.3.tgz",
      "integrity": "sha1-utXTwbzawoJp9MszHkMceKxwXRg=",
      "requires": {
        "d": "^1.0.1",
        "ext": "^1.1.2"
      }
    },
    "ext": {
      "version": "1.4.0",
      "resolved": "https://pkgs.dev.azure.com/arvato-cim/_packaging/arvato-private/npm/registry/ext/-/ext-1.4.0.tgz",
      "integrity": "sha1-ia56BxWPedNVF4gpBDJAd+Q3kkQ=",
      "requires": {
        "type": "^2.0.0"
      },
      "dependencies": {
        "type": {
          "version": "2.0.0",
          "resolved": "https://pkgs.dev.azure.com/arvato-cim/_packaging/arvato-private/npm/registry/type/-/type-2.0.0.tgz",
          "integrity": "sha1-Xxb/bvLrRPJgSU2uJxAzspwJqcM="
        }
      }
    },
    "is-typedarray": {
      "version": "1.0.0",
      "resolved": "https://pkgs.dev.azure.com/arvato-cim/_packaging/arvato-private/npm/registry/is-typedarray/-/is-typedarray-1.0.0.tgz",
      "integrity": "sha1-5HnICFjfDBsR3dppQPlgEfzaSpo="
    },
    "ms": {
      "version": "2.0.0",
      "resolved": "https://pkgs.dev.azure.com/arvato-cim/_packaging/arvato-private/npm/registry/ms/-/ms-2.0.0.tgz",
      "integrity": "sha1-VgiurfwAvmwpAd9fmGF4jeDVl8g="
    },
    "nan": {
      "version": "2.14.0",
      "resolved": "https://pkgs.dev.azure.com/arvato-cim/_packaging/arvato-private/npm/registry/nan/-/nan-2.14.0.tgz",
      "integrity": "sha1-eBj3IgJ7JFmobwKV1DTR/CM2xSw="
    },
    "next-tick": {
      "version": "1.0.0",
      "resolved": "https://pkgs.dev.azure.com/arvato-cim/_packaging/arvato-private/npm/registry/next-tick/-/next-tick-1.0.0.tgz",
      "integrity": "sha1-yobR/ogoFpsBICCOPchCS524NCw="
    },
    "stompjs": {
      "version": "2.3.3",
      "resolved": "https://pkgs.dev.azure.com/arvato-cim/_packaging/arvato-private/npm/registry/stompjs/-/stompjs-2.3.3.tgz",
      "integrity": "sha1-NBeKx7uO4pTMXVVK2LUPf1RZ/Y4=",
      "requires": {
        "websocket": "^1.0.31"
      }
    },
    "type": {
      "version": "1.2.0",
      "resolved": "https://pkgs.dev.azure.com/arvato-cim/_packaging/arvato-private/npm/registry/type/-/type-1.2.0.tgz",
      "integrity": "sha1-hI3XaY2vo+VKbEeedZxLw/GIR6A="
    },
    "typedarray-to-buffer": {
      "version": "3.1.5",
      "resolved": "https://pkgs.dev.azure.com/arvato-cim/_packaging/arvato-private/npm/registry/typedarray-to-buffer/-/typedarray-to-buffer-3.1.5.tgz",
      "integrity": "sha1-qX7nqf9CaRufeD/xvFES/j/KkIA=",
      "requires": {
        "is-typedarray": "^1.0.0"
      }
    },
    "websocket": {
      "version": "1.0.31",
      "resolved": "https://pkgs.dev.azure.com/arvato-cim/_packaging/arvato-private/npm/registry/websocket/-/websocket-1.0.31.tgz",
      "integrity": "sha1-5dDxbDNA7YdnDkieyuYUTHk1hzA=",
      "requires": {
        "debug": "^2.2.0",
        "es5-ext": "^0.10.50",
        "nan": "^2.14.0",
        "typedarray-to-buffer": "^3.1.5",
        "yaeti": "^0.0.6"
      }
    },
    "yaeti": {
      "version": "0.0.6",
      "resolved": "https://pkgs.dev.azure.com/arvato-cim/_packaging/arvato-private/npm/registry/yaeti/-/yaeti-0.0.6.tgz",
      "integrity": "sha1-8m9ITXJoTPQr7ft2lwqhYI+/lXc="
    }
  }
}
